
Microsoft Visual Studio Solution File, Format Version 12.00
# Visual Studio 2013
VisualStudioVersion = 12.0.40629.0
MinimumVisualStudioVersion = 10.0.40219.1
Project("{2150E333-8FDC-42A3-9474-1A3956D46DE8}") = "1.Frameworks", "1.Frameworks", "{A0EFC4C5-55AB-4EFC-8B05-AE72F858E2D8}"
EndProject
Project("{2150E333-8FDC-42A3-9474-1A3956D46DE8}") = "2.DAL", "2.DAL", "{F39D0CC4-4BA8-4F9C-9297-B1EAD87F3A7F}"
EndProject
Project("{2150E333-8FDC-42A3-9474-1A3956D46DE8}") = "3.Services", "3.Services", "{10957934-2437-404F-A81E-C7C8D11CC98F}"
EndProject
Project("{2150E333-8FDC-42A3-9474-1A3956D46DE8}") = "4.Common", "4.Common", "{BDF59ADB-B197-46A8-B9AA-4DB649874EE1}"
EndProject
Project("{2150E333-8FDC-42A3-9474-1A3956D46DE8}") = "5.Presentation", "5.Presentation", "{635B2B1B-F66E-40E2-9D51-DB65CBC6E444}"
EndProject
Project("{2150E333-8FDC-42A3-9474-1A3956D46DE8}") = "6.Tests", "6.Tests", "{375A6AD6-E844-4432-827B-AEE8C7A79D81}"
EndProject
Project("{FAE04EC0-301F-11D3-BF4B-00C04F79EFBC}") = "Hospital.Data", "Hospital.Data\Hospital.Data.csproj", "{F9BB5BA3-DC57-402B-BF70-5C8B4ED5AFD0}"
EndProject
Project("{FAE04EC0-301F-11D3-BF4B-00C04F79EFBC}") = "Hospital.Services", "Hospital.Services\Hospital.Services.csproj", "{DA820EED-7823-4D94-B066-086C32752BDD}"
EndProject
Project("{FAE04EC0-301F-11D3-BF4B-00C04F79EFBC}") = "Hospital.WebAPI", "Hospital.WebAPI\Hospital.WebAPI.csproj", "{A86088E7-C97A-461E-8759-9A4ADF314AAD}"
EndProject
Project("{FAE04EC0-301F-11D3-BF4B-00C04F79EFBC}") = "Hospital.PatientManager.Web", "Hospital.PatientManager.Web\Hospital.PatientManager.Web.csproj", "{78A8BDE3-39FE-42C8-8955-2B682C573E59}"
EndProject
Project("{FAE04EC0-301F-11D3-BF4B-00C04F79EFBC}") = "Hospital.Common", "Hospital.Common\Hospital.Common.csproj", "{5BD3D668-7EF0-473B-A620-DC86140F274D}"
EndProject
Project("{FAE04EC0-301F-11D3-BF4B-00C04F79EFBC}") = "Hospital.Web.Common", "Hospital.Web.Common\Hospital.Web.Common.csproj", "{31503244-DE76-4EFF-92CD-8EFD244E3C2F}"
EndProject
Project("{FAE04EC0-301F-11D3-BF4B-00C04F79EFBC}") = "Repository.Pattern", "Frameworks\Repository.Pattern\Repository.Pattern.csproj", "{6E682A14-C872-4813-B620-76E108DEA683}"
EndProject
Project("{FAE04EC0-301F-11D3-BF4B-00C04F79EFBC}") = "Repository.Pattern.Ef6", "Frameworks\Repository.Pattern.Ef6\Repository.Pattern.Ef6.csproj", "{F68A1D19-93FB-47C1-A22B-42BEA3E4FD8C}"
EndProject
Project("{FAE04EC0-301F-11D3-BF4B-00C04F79EFBC}") = "Service.Pattern", "Frameworks\Service.Pattern\Service.Pattern.csproj", "{86F86650-EE3C-4372-8FEC-40C2FE015022}"
EndProject
Project("{FAE04EC0-301F-11D3-BF4B-00C04F79EFBC}") = "Hospital.Test", "Hospital.Test\Hospital.Test.csproj", "{4F03C0CD-E874-43F4-8C91-4E11E226700D}"
EndProject
Global
	GlobalSection(SolutionConfigurationPlatforms) = preSolution
		Debug|Any CPU = Debug|Any CPU
		Debug|x86 = Debug|x86
		Release|Any CPU = Release|Any CPU
		Release|x86 = Release|x86
	EndGlobalSection
	GlobalSection(ProjectConfigurationPlatforms) = postSolution
		{F9BB5BA3-DC57-402B-BF70-5C8B4ED5AFD0}.Debug|Any CPU.ActiveCfg = Debug|Any CPU
		{F9BB5BA3-DC57-402B-BF70-5C8B4ED5AFD0}.Debug|Any CPU.Build.0 = Debug|Any CPU
		{F9BB5BA3-DC57-402B-BF70-5C8B4ED5AFD0}.Debug|x86.ActiveCfg = Debug|Any CPU
		{F9BB5BA3-DC57-402B-BF70-5C8B4ED5AFD0}.Release|Any CPU.ActiveCfg = Release|Any CPU
		{F9BB5BA3-DC57-402B-BF70-5C8B4ED5AFD0}.Release|Any CPU.Build.0 = Release|Any CPU
		{F9BB5BA3-DC57-402B-BF70-5C8B4ED5AFD0}.Release|x86.ActiveCfg = Release|Any CPU
		{DA820EED-7823-4D94-B066-086C32752BDD}.Debug|Any CPU.ActiveCfg = Debug|Any CPU
		{DA820EED-7823-4D94-B066-086C32752BDD}.Debug|Any CPU.Build.0 = Debug|Any CPU
		{DA820EED-7823-4D94-B066-086C32752BDD}.Debug|x86.ActiveCfg = Debug|Any CPU
		{DA820EED-7823-4D94-B066-086C32752BDD}.Release|Any CPU.ActiveCfg = Release|Any CPU
		{DA820EED-7823-4D94-B066-086C32752BDD}.Release|Any CPU.Build.0 = Release|Any CPU
		{DA820EED-7823-4D94-B066-086C32752BDD}.Release|x86.ActiveCfg = Release|Any CPU
		{A86088E7-C97A-461E-8759-9A4ADF314AAD}.Debug|Any CPU.ActiveCfg = Debug|Any CPU
		{A86088E7-C97A-461E-8759-9A4ADF314AAD}.Debug|Any CPU.Build.0 = Debug|Any CPU
		{A86088E7-C97A-461E-8759-9A4ADF314AAD}.Debug|x86.ActiveCfg = Debug|Any CPU
		{A86088E7-C97A-461E-8759-9A4ADF314AAD}.Release|Any CPU.ActiveCfg = Release|Any CPU
		{A86088E7-C97A-461E-8759-9A4ADF314AAD}.Release|Any CPU.Build.0 = Release|Any CPU
		{A86088E7-C97A-461E-8759-9A4ADF314AAD}.Release|x86.ActiveCfg = Release|Any CPU
		{78A8BDE3-39FE-42C8-8955-2B682C573E59}.Debug|Any CPU.ActiveCfg = Debug|Any CPU
		{78A8BDE3-39FE-42C8-8955-2B682C573E59}.Debug|Any CPU.Build.0 = Debug|Any CPU
		{78A8BDE3-39FE-42C8-8955-2B682C573E59}.Debug|x86.ActiveCfg = Debug|Any CPU
		{78A8BDE3-39FE-42C8-8955-2B682C573E59}.Release|Any CPU.ActiveCfg = Release|Any CPU
		{78A8BDE3-39FE-42C8-8955-2B682C573E59}.Release|Any CPU.Build.0 = Release|Any CPU
		{78A8BDE3-39FE-42C8-8955-2B682C573E59}.Release|x86.ActiveCfg = Release|Any CPU
		{5BD3D668-7EF0-473B-A620-DC86140F274D}.Debug|Any CPU.ActiveCfg = Debug|Any CPU
		{5BD3D668-7EF0-473B-A620-DC86140F274D}.Debug|Any CPU.Build.0 = Debug|Any CPU
		{5BD3D668-7EF0-473B-A620-DC86140F274D}.Debug|x86.ActiveCfg = Debug|Any CPU
		{5BD3D668-7EF0-473B-A620-DC86140F274D}.Release|Any CPU.ActiveCfg = Release|Any CPU
		{5BD3D668-7EF0-473B-A620-DC86140F274D}.Release|Any CPU.Build.0 = Release|Any CPU
		{5BD3D668-7EF0-473B-A620-DC86140F274D}.Release|x86.ActiveCfg = Release|Any CPU
		{31503244-DE76-4EFF-92CD-8EFD244E3C2F}.Debug|Any CPU.ActiveCfg = Debug|Any CPU
		{31503244-DE76-4EFF-92CD-8EFD244E3C2F}.Debug|Any CPU.Build.0 = Debug|Any CPU
		{31503244-DE76-4EFF-92CD-8EFD244E3C2F}.Debug|x86.ActiveCfg = Debug|Any CPU
		{31503244-DE76-4EFF-92CD-8EFD244E3C2F}.Release|Any CPU.ActiveCfg = Release|Any CPU
		{31503244-DE76-4EFF-92CD-8EFD244E3C2F}.Release|Any CPU.Build.0 = Release|Any CPU
		{31503244-DE76-4EFF-92CD-8EFD244E3C2F}.Release|x86.ActiveCfg = Release|Any CPU
		{6E682A14-C872-4813-B620-76E108DEA683}.Debug|Any CPU.ActiveCfg = Debug|Any CPU
		{6E682A14-C872-4813-B620-76E108DEA683}.Debug|Any CPU.Build.0 = Debug|Any CPU
		{6E682A14-C872-4813-B620-76E108DEA683}.Debug|x86.ActiveCfg = Debug|x86
		{6E682A14-C872-4813-B620-76E108DEA683}.Debug|x86.Build.0 = Debug|x86
		{6E682A14-C872-4813-B620-76E108DEA683}.Release|Any CPU.ActiveCfg = Release|Any CPU
		{6E682A14-C872-4813-B620-76E108DEA683}.Release|Any CPU.Build.0 = Release|Any CPU
		{6E682A14-C872-4813-B620-76E108DEA683}.Release|x86.ActiveCfg = Release|x86
		{6E682A14-C872-4813-B620-76E108DEA683}.Release|x86.Build.0 = Release|x86
		{F68A1D19-93FB-47C1-A22B-42BEA3E4FD8C}.Debug|Any CPU.ActiveCfg = Debug|Any CPU
		{F68A1D19-93FB-47C1-A22B-42BEA3E4FD8C}.Debug|Any CPU.Build.0 = Debug|Any CPU
		{F68A1D19-93FB-47C1-A22B-42BEA3E4FD8C}.Debug|x86.ActiveCfg = Debug|Any CPU
		{F68A1D19-93FB-47C1-A22B-42BEA3E4FD8C}.Release|Any CPU.ActiveCfg = Release|Any CPU
		{F68A1D19-93FB-47C1-A22B-42BEA3E4FD8C}.Release|Any CPU.Build.0 = Release|Any CPU
		{F68A1D19-93FB-47C1-A22B-42BEA3E4FD8C}.Release|x86.ActiveCfg = Release|Any CPU
		{86F86650-EE3C-4372-8FEC-40C2FE015022}.Debug|Any CPU.ActiveCfg = Debug|Any CPU
		{86F86650-EE3C-4372-8FEC-40C2FE015022}.Debug|Any CPU.Build.0 = Debug|Any CPU
		{86F86650-EE3C-4372-8FEC-40C2FE015022}.Debug|x86.ActiveCfg = Debug|Any CPU
		{86F86650-EE3C-4372-8FEC-40C2FE015022}.Release|Any CPU.ActiveCfg = Release|Any CPU
		{86F86650-EE3C-4372-8FEC-40C2FE015022}.Release|Any CPU.Build.0 = Release|Any CPU
		{86F86650-EE3C-4372-8FEC-40C2FE015022}.Release|x86.ActiveCfg = Release|Any CPU
		{4F03C0CD-E874-43F4-8C91-4E11E226700D}.Debug|Any CPU.ActiveCfg = Debug|Any CPU
		{4F03C0CD-E874-43F4-8C91-4E11E226700D}.Debug|Any CPU.Build.0 = Debug|Any CPU
		{4F03C0CD-E874-43F4-8C91-4E11E226700D}.Debug|x86.ActiveCfg = Debug|Any CPU
		{4F03C0CD-E874-43F4-8C91-4E11E226700D}.Release|Any CPU.ActiveCfg = Release|Any CPU
		{4F03C0CD-E874-43F4-8C91-4E11E226700D}.Release|Any CPU.Build.0 = Release|Any CPU
		{4F03C0CD-E874-43F4-8C91-4E11E226700D}.Release|x86.ActiveCfg = Release|Any CPU
	EndGlobalSection
	GlobalSection(SolutionProperties) = preSolution
		HideSolutionNode = FALSE
	EndGlobalSection
	GlobalSection(NestedProjects) = preSolution
		{F9BB5BA3-DC57-402B-BF70-5C8B4ED5AFD0} = {F39D0CC4-4BA8-4F9C-9297-B1EAD87F3A7F}
		{DA820EED-7823-4D94-B066-086C32752BDD} = {10957934-2437-404F-A81E-C7C8D11CC98F}
		{A86088E7-C97A-461E-8759-9A4ADF314AAD} = {10957934-2437-404F-A81E-C7C8D11CC98F}
		{78A8BDE3-39FE-42C8-8955-2B682C573E59} = {635B2B1B-F66E-40E2-9D51-DB65CBC6E444}
		{5BD3D668-7EF0-473B-A620-DC86140F274D} = {BDF59ADB-B197-46A8-B9AA-4DB649874EE1}
		{31503244-DE76-4EFF-92CD-8EFD244E3C2F} = {BDF59ADB-B197-46A8-B9AA-4DB649874EE1}
		{6E682A14-C872-4813-B620-76E108DEA683} = {A0EFC4C5-55AB-4EFC-8B05-AE72F858E2D8}
		{F68A1D19-93FB-47C1-A22B-42BEA3E4FD8C} = {A0EFC4C5-55AB-4EFC-8B05-AE72F858E2D8}
		{86F86650-EE3C-4372-8FEC-40C2FE015022} = {A0EFC4C5-55AB-4EFC-8B05-AE72F858E2D8}
		{4F03C0CD-E874-43F4-8C91-4E11E226700D} = {375A6AD6-E844-4432-827B-AEE8C7A79D81}
	EndGlobalSection
EndGlobal
